[{<<"eplugin">>,{pkg,<<"eplugin">>,<<"0.1.4">>},0},
 {<<"erltrace">>,{pkg,<<"erltrace">>,<<"0.1.3">>},0},
 {<<"fifo_utils">>,{pkg,<<"fifo_utils">>,<<"0.1.12">>},0},
 {<<"eper">>,{pkg,<<"eper">>,<<"0.90.0">>},0},
 {<<"recon">>,{pkg,<<"recon">>,<<"2.2.0">>},0},
 {<<"smurf">>,{pkg,<<"smurf">>,<<"0.1.2">>},0},
 {<<"ekstat">>,{pkg,<<"ekstat">>,<<"0.2.2">>},0},
 {<<"lager_watchdog">>,{pkg,<<"lager_watchdog">>,<<"0.1.9">>},0},
 {<<"fqc">>,{pkg,<<"fqc">>,<<"0.1.5">>},1},
 {<<"poolboy">>,{pkg,<<"poolboy">>,<<"1.5.1">>},1},
 {<<"mdns_client">>,{pkg,<<"mdns_client">>,<<"0.1.3">>},2},
 {<<"libsnarlmatch">>,{pkg,<<"libsnarlmatch">>,<<"0.1.5">>},1},
 {<<"mdns_client_lib">>,{pkg,<<"mdns_client_lib">>,<<"0.1.24">>},1},
 {<<"jsxd">>,{pkg,<<"jsxd">>,<<"0.1.10">>},1},
 {<<"pooler">>,{pkg,<<"pooler">>,<<"1.4.0">>},2},
 {<<"jsx">>,{pkg,<<"jsx">>,<<"1.4.5">>},2},
 {<<"meck">>,
  {git,"git://github.com/basho/meck.git",
       {ref,"dde759050eff19a1a80fd854d7375174b191665d"}},
  2},
 {<<"goldrush">>,
  {git,"git://github.com/DeadZen/goldrush.git",
       {ref,"71e63212f12c25827e0c1b4198d37d5d018a7fec"}},
  2},
 {<<"riak_dt">>,
  {git,"https://github.com/basho/riak_dt.git",
       {ref,"f7981d4ad7407ddc085f133f204dd71bf9d50c56"}},
  1},
 {<<"oauth2">>,
  {git,"https://github.com/project-fifo/oauth2.git",
       {ref,"7f88b8af3b09cad4eb83678cb2bdaed00fce6a76"}},
  1},
 {<<"neotoma">>,
  {git,"git://github.com/seancribbs/neotoma.git",
       {ref,"760928ec8870da02eb11bccb501e2700925d06c6"}},
  1},
 {<<"lager">>,
  {git,"git://github.com/basho/lager.git",
       {ref,"b6b6cebcb27ccff8acc59ae775acebc2f52e4926"}},
  1},
 {<<"getopt">>,
  {git,"git://github.com/jcomellas/getopt.git",
       {ref,"659a28f4145bc9843598972854299dc4ea77e4cb"}},
  1},
 {<<"erlcloud">>,
  {git,"https://github.com/project-fifo/erlcloud",
       {ref,"6bb4a7706cf807dab4eb5fdf07c57ede324d6c1b"}},
  1},
 {<<"base16">>,
  {git,"https://github.com/goj/base16.git",
       {ref,"1e9dd28bdbcfb8f4aedf82b9900cfb0f094f137d"}},
  1},
 {<<"uuid">>,
  {git,"https://github.com/project-fifo/erlang-uuid.git",
       {ref,"02e7afa6a90c14da309175c57e9941c3ede6d8a2"}},
  0},
 {<<"ranch">>,
  {git,"https://github.com/extend/ranch.git",
       {ref,"741bfb73ca663394ecf7a73410506d66f01985a6"}},
  0},
 {<<"libsniffle">>,
  {git,"http://github.com/project-fifo/libsniffle.git",
       {ref,"c671d6210d03894e383027c92a7c53e61fe35234"}},
  0},
 {<<"libsnarl">>,
  {git,"http://github.com/project-fifo/libsnarl.git",
       {ref,"229dab64c59a947323ec67957a5f657032969814"}},
  0},
 {<<"libhowl">>,
  {git,"http://github.com/project-fifo/libhowl.git",
       {ref,"56dcf800aab426a8e63dc8f3a5ed98d922761f91"}},
  0},
 {<<"fifo_spec">>,
  {git,"https://github.com/project-fifo/fifo_spec.git",
       {ref,"6765ce2dd19d9fc8669f10a4fdcb217ef440e100"}},
  0},
 {<<"fifo_s3">>,
  {git,"https://github.com/project-fifo/fifo_s3.git",
       {ref,"4354168bbe6128f85e2efd1759ea71505c7d870d"}},
  0},
 {<<"fifo_dt">>,
  {git,"https://github.com/project-fifo/fifo_dt.git",
       {ref,"7657ea2b4acc70f7ae55080eaaf825bcfe73b914"}},
  0},
 {<<"erlsom">>,
  {git,"http://github.com/willemdj/erlsom.git",
       {ref,"bc48604f7a74440da66aa7dba95a3bf634fdf138"}},
  0},
 {<<"cuttlefish">>,
  {git,"https://github.com/tsloughter/cuttlefish.git",
       {ref,"f5f6fdc1b0dd8ebe909b81f0b38f5715d4e869e6"}},
  0}].
