[{<<"base16">>,{pkg,<<"base16">>,<<"1.0.0">>},1},
 {<<"bugsnag">>,
  {git,"https://github.com/project-fifo/bugsnag-erlang.git",
       {ref,"537afde79c97f1f97650cf24196297bffeb1f518"}},
  0},
 {<<"eper">>,{pkg,<<"eper">>,<<"0.94.0">>},0},
 {<<"erlcloud">>,{pkg,<<"erlcloud">>,<<"0.13.0">>},1},
 {<<"erlsom">>,
  {git,"https://github.com/willemdj/erlsom.git",
       {ref,"bc48604f7a74440da66aa7dba95a3bf634fdf138"}},
  0},
 {<<"erltrace">>,{pkg,<<"erltrace">>,<<"0.1.4">>},0},
 {<<"fifo_dt">>,
  {git,"https://github.com/project-fifo/fifo_dt.git",
       {ref,"d9a6addae121e6f9b9ef88c4df1ebd4a1198512e"}},
  0},
 {<<"fifo_lager">>,
  {git,"https://github.com/project-fifo/fifo_lager.git",
       {ref,"28fb348d7a8e4f07b9ee89e2bcf5216e120c25e4"}},
  0},
 {<<"fifo_s3">>,
  {git,"https://github.com/project-fifo/fifo_s3.git",
       {ref,"c1a5188e2a4fa36d507bdd1307d23d0bdb571e3f"}},
  0},
 {<<"fifo_spec">>,
  {git,"https://github.com/project-fifo/fifo_spec.git",
       {ref,"a1959fd70c419c2f6e59fa22e20501abeba3e392"}},
  0},
 {<<"fifo_utils">>,{pkg,<<"fifo_utils">>,<<"0.1.21">>},0},
 {<<"goldrush">>,{pkg,<<"goldrush">>,<<"0.1.7">>},2},
 {<<"jsx">>,{pkg,<<"jsx">>,<<"1.4.5">>},0},
 {<<"jsxd">>,{pkg,<<"jsxd">>,<<"0.1.10">>},0},
 {<<"lager">>,{pkg,<<"lager">>,<<"3.0.1">>},1},
 {<<"lager_graylog">>,{pkg,<<"lager_graylog">>,<<"0.1.0">>},1},
 {<<"lager_logstash_backend">>,
  {pkg,<<"lager_logstash_backend">>,<<"0.1.0">>},
  1},
 {<<"lhttpc">>,{pkg,<<"lhttpc">>,<<"1.3.0">>},2},
 {<<"libchunter">>,
  {git,"https://github.com/project-fifo/libchunter.git",
       {ref,"0bb7a0c77b6b9324cbaf9c4dc4b4ef1b88667b07"}},
  0},
 {<<"libhowl">>,
  {git,"https://github.com/project-fifo/libhowl.git",
       {ref,"4d420d40060f37ddcc3d66dcc0d24e5665f1b4dc"}},
  0},
 {<<"libsnarl">>,
  {git,"https://github.com/project-fifo/libsnarl.git",
       {ref,"999b53529f02d08e5d16428fa152097b8d4b7b54"}},
  0},
 {<<"libsnarlmatch">>,{pkg,<<"libsnarlmatch">>,<<"0.1.7">>},1},
 {<<"libsniffle">>,
  {git,"https://github.com/project-fifo/libsniffle.git",
       {ref,"46486c6b8798ad76a99e4f98ce47ac367c010009"}},
  0},
 {<<"mdns_client">>,{pkg,<<"mdns_client">>,<<"0.1.7">>},2},
 {<<"mdns_client_lib">>,{pkg,<<"mdns_client_lib">>,<<"0.1.33">>},1},
 {<<"oauth2">>,{pkg,<<"oauth2_erlang">>,<<"0.6.1">>},1},
 {<<"poolboy">>,{pkg,<<"poolboy">>,<<"1.5.1">>},1},
 {<<"pooler">>,{pkg,<<"pooler">>,<<"1.4.0">>},2},
 {<<"quickrand">>,{pkg,<<"quickrand">>,<<"1.5.1">>},2},
 {<<"ranch">>,
  {git,"https://github.com/extend/ranch.git",
       {ref,"741bfb73ca663394ecf7a73410506d66f01985a6"}},
  0},
 {<<"recon">>,{pkg,<<"recon">>,<<"2.2.1">>},0},
 {<<"riak_dt">>,{pkg,<<"riak_dt">>,<<"2.1.1">>},1},
 {<<"smurf">>,{pkg,<<"smurf">>,<<"0.1.3">>},0},
 {<<"uuid_erl">>,{pkg,<<"uuid_erl">>,<<"1.5.1">>},1}].
