[{<<"base16">>,
  {git,"https://github.com/goj/base16.git",
       {ref,"1e9dd28bdbcfb8f4aedf82b9900cfb0f094f137d"}},
  1},
 {<<"cuttlefish">>,
  {git,"https://github.com/tsloughter/cuttlefish.git",
       {ref,"f5f6fdc1b0dd8ebe909b81f0b38f5715d4e869e6"}},
  0},
 {<<"ekstat">>,{pkg,<<"ekstat">>,<<"0.2.2">>},0},
 {<<"eper">>,{pkg,<<"eper">>,<<"0.94.0">>},0},
 {<<"eplugin">>,{pkg,<<"eplugin">>,<<"0.1.4">>},0},
 {<<"erlcloud">>,
  {git,"https://github.com/project-fifo/erlcloud",
       {ref,"5c56980eb42a0e1f4138136f218fde3032e47228"}},
  1},
 {<<"erlsom">>,
  {git,"http://github.com/willemdj/erlsom.git",
       {ref,"bc48604f7a74440da66aa7dba95a3bf634fdf138"}},
  0},
 {<<"erltrace">>,{pkg,<<"erltrace">>,<<"0.1.4">>},0},
 {<<"fifo_dt">>,
  {git,"https://github.com/project-fifo/fifo_dt.git",
       {ref,"d569ba0bfc571cb3b10de95ce5a8135f84c17851"}},
  0},
 {<<"fifo_lager">>,
  {git,"https://github.com/project-fifo/fifo_lager.git",
       {ref,"5cc47fe8e0bf8bee2f99e41e982392f6c426e54d"}},
  0},
 {<<"fifo_s3">>,
  {git,"https://github.com/project-fifo/fifo_s3.git",
       {ref,"659d81983a29aa6c0e9000f47985bbcad584f62f"}},
  0},
 {<<"fifo_spec">>,
  {git,"https://github.com/project-fifo/fifo_spec.git",
       {ref,"277cc03ff1c7b0a2bf080ca41817ff91c1d21662"}},
  0},
 {<<"fifo_utils">>,{pkg,<<"fifo_utils">>,<<"0.1.16">>},0},
 {<<"getopt">>,
  {git,"git://github.com/jcomellas/getopt.git",
       {ref,"659a28f4145bc9843598972854299dc4ea77e4cb"}},
  1},
 {<<"goldrush">>,{pkg,<<"goldrush">>,<<"0.1.7">>},1},
 {<<"jsx">>,{pkg,<<"jsx">>,<<"1.4.5">>},0},
 {<<"jsxd">>,{pkg,<<"jsxd">>,<<"0.1.10">>},0},
 {<<"lager">>,{pkg,<<"lager">>,<<"2.1.1">>},0},
 {<<"lager_graylog">>,
  {git,"https://github.com/esl/lager_graylog.git",
       {ref,"15f5d094448baa7f7018397e8e4493e9e919edfc"}},
  1},
 {<<"lager_logstash_backend">>,
  {git,"https://github.com/QBurstPoland/lager_logstash_backend.git",
       {ref,"069f5c803b5372fb7604789ee64bcbfef78e493a"}},
  1},
 {<<"lager_watchdog">>,{pkg,<<"lager_watchdog">>,<<"0.1.10">>},0},
 {<<"libhowl">>,
  {git,"http://github.com/project-fifo/libhowl.git",
       {ref,"4b31e23eef6547b07d303960d2cfabb79fbaa9b6"}},
  0},
 {<<"libsnarl">>,
  {git,"http://github.com/project-fifo/libsnarl.git",
       {ref,"1d0c2d664a370c248fc89f90985e6fa42fa3dbc2"}},
  0},
 {<<"libsnarlmatch">>,{pkg,<<"libsnarlmatch">>,<<"0.1.7">>},1},
 {<<"libsniffle">>,
  {git,"http://github.com/project-fifo/libsniffle.git",
       {ref,"8f6613921e79b6fa4f8d035e748bc25588f377c7"}},
  0},
 {<<"mdns_client">>,{pkg,<<"mdns_client">>,<<"0.1.7">>},2},
 {<<"mdns_client_lib">>,{pkg,<<"mdns_client_lib">>,<<"0.1.28">>},1},
 {<<"neotoma">>,
  {git,"git://github.com/seancribbs/neotoma.git",
       {ref,"760928ec8870da02eb11bccb501e2700925d06c6"}},
  1},
 {<<"oauth2">>,
  {git,"https://github.com/project-fifo/oauth2.git",
       {ref,"7f88b8af3b09cad4eb83678cb2bdaed00fce6a76"}},
  1},
 {<<"poolboy">>,{pkg,<<"poolboy">>,<<"1.5.1">>},1},
 {<<"pooler">>,{pkg,<<"pooler">>,<<"1.4.0">>},2},
 {<<"ranch">>,
  {git,"https://github.com/extend/ranch.git",
       {ref,"741bfb73ca663394ecf7a73410506d66f01985a6"}},
  0},
 {<<"recon">>,{pkg,<<"recon">>,<<"2.2.1">>},0},
 {<<"riak_dt">>,
  {git,"https://github.com/basho/riak_dt.git",
       {ref,"a2986bccd1cc42facdfe739495c6d13762ae0f37"}},
  1},
 {<<"smurf">>,{pkg,<<"smurf">>,<<"0.1.3">>},0},
 {<<"uuid">>,
  {git,"https://github.com/project-fifo/erlang-uuid.git",
       {ref,"c28d740d878e91a075ee3d888ba15131d136e0d2"}},
  0}].
